
Microsoft Visual Studio Solution File, Format Version 12.00
Project("{FAE04EC0-301F-11D3-BF4B-00C04F79EFBC}") = "Unity_들어가기전_마지막복습", "Unity_들어가기전_마지막복습\Unity_들어가기전_마지막복습.csproj", "{CFA71BB0-6D58-44C2-B577-620120BBFD30}"
EndProject
Global
	GlobalSection(SolutionConfigurationPlatforms) = preSolution
		Debug|Any CPU = Debug|Any CPU
		Release|Any CPU = Release|Any CPU
	EndGlobalSection
	GlobalSection(ProjectConfigurationPlatforms) = postSolution
		{CFA71BB0-6D58-44C2-B577-620120BBFD30}.Debug|Any CPU.ActiveCfg = Debug|Any CPU
		{CFA71BB0-6D58-44C2-B577-620120BBFD30}.Debug|Any CPU.Build.0 = Debug|Any CPU
		{CFA71BB0-6D58-44C2-B577-620120BBFD30}.Release|Any CPU.ActiveCfg = Release|Any CPU
		{CFA71BB0-6D58-44C2-B577-620120BBFD30}.Release|Any CPU.Build.0 = Release|Any CPU
	EndGlobalSection
EndGlobal
